{
  "name": "react-tabs",
  "version": "1.0.0",
  "lockfileVersion": 1,
  "requires": true,
  "dependencies": {
    "@types/react": {
      "version": "16.0.25",
      "resolved": "https://registry.npmjs.org/@types/react/-/react-16.0.25.tgz",
      "integrity": "sha512-K79zMwWRzQ2db+nPoKpi3gA/KmLo6ZQgT4iO2QPEUdBO7as0PcgrmU9KHYzIO3V6lbD7gRjOM0/nUch6xBfOvQ=="
    }
  }
}
